// !$*UTF8*$!
{
	archiveVersion = 1;
	classes = {
	};
	objectVersion = 46;
	objects = {

/* Begin PBXBuildFile section */
		5439882E1E6E734E001A640C /* SemestresTVC.swift in Sources */ = {isa = PBXBuildFile; fileRef = 5439882D1E6E734E001A640C /* SemestresTVC.swift */; };
		543988301E6F5F43001A640C /* NotasVC.swift in Sources */ = {isa = PBXBuildFile; fileRef = 5439882F1E6F5F43001A640C /* NotasVC.swift */; };
		543988341E6F7A77001A640C /* TarefaCell.swift in Sources */ = {isa = PBXBuildFile; fileRef = 543988331E6F7A77001A640C /* TarefaCell.swift */; };
		543988361E6F7F84001A640C /* Tarefa.swift in Sources */ = {isa = PBXBuildFile; fileRef = 543988351E6F7F84001A640C /* Tarefa.swift */; };
		5439885A1E70E206001A640C /* TarefasTVC.swift in Sources */ = {isa = PBXBuildFile; fileRef = 543988591E70E206001A640C /* TarefasTVC.swift */; };
		5439885C1E720196001A640C /* TrabalhosTVC.swift in Sources */ = {isa = PBXBuildFile; fileRef = 5439885B1E720196001A640C /* TrabalhosTVC.swift */; };
		5439885E1E7201B6001A640C /* NotasExtrasTVC.swift in Sources */ = {isa = PBXBuildFile; fileRef = 5439885D1E7201B6001A640C /* NotasExtrasTVC.swift */; };
		543988601E7201EB001A640C /* ProvasTVC.swift in Sources */ = {isa = PBXBuildFile; fileRef = 5439885F1E7201EB001A640C /* ProvasTVC.swift */; };
		543988621E7204C6001A640C /* Trabalho.swift in Sources */ = {isa = PBXBuildFile; fileRef = 543988611E7204C6001A640C /* Trabalho.swift */; };
		543988641E7204CF001A640C /* Prova.swift in Sources */ = {isa = PBXBuildFile; fileRef = 543988631E7204CF001A640C /* Prova.swift */; };
		543988671E7204E3001A640C /* NotaExtra.swift in Sources */ = {isa = PBXBuildFile; fileRef = 543988661E7204E3001A640C /* NotaExtra.swift */; };
		543988691E7208ED001A640C /* TrabalhoCell.swift in Sources */ = {isa = PBXBuildFile; fileRef = 543988681E7208ED001A640C /* TrabalhoCell.swift */; };
		5439886B1E720985001A640C /* NotaExtraCell.swift in Sources */ = {isa = PBXBuildFile; fileRef = 5439886A1E720985001A640C /* NotaExtraCell.swift */; };
		5439886D1E720A08001A640C /* ProvaCell.swift in Sources */ = {isa = PBXBuildFile; fileRef = 5439886C1E720A08001A640C /* ProvaCell.swift */; };
		544874F11E58CA5C00AF2F06 /* GrupoProfessor.swift in Sources */ = {isa = PBXBuildFile; fileRef = 544874F01E58CA5C00AF2F06 /* GrupoProfessor.swift */; };
		544874FC1E58E5D400AF2F06 /* NotificacoesVC.swift in Sources */ = {isa = PBXBuildFile; fileRef = 544874FB1E58E5D400AF2F06 /* NotificacoesVC.swift */; };
		544874FE1E58EDB100AF2F06 /* Notificacao.swift in Sources */ = {isa = PBXBuildFile; fileRef = 544874FD1E58EDB100AF2F06 /* Notificacao.swift */; };
		544875001E58F22B00AF2F06 /* NotificacaoCell.swift in Sources */ = {isa = PBXBuildFile; fileRef = 544874FF1E58F22B00AF2F06 /* NotificacaoCell.swift */; };
		544C22451E4A754C003B3914 /* AppDelegate.swift in Sources */ = {isa = PBXBuildFile; fileRef = 544C22441E4A754C003B3914 /* AppDelegate.swift */; };
		544C22471E4A754C003B3914 /* LoginVC.swift in Sources */ = {isa = PBXBuildFile; fileRef = 544C22461E4A754C003B3914 /* LoginVC.swift */; };
		544C224A1E4A754C003B3914 /* Main.storyboard in Resources */ = {isa = PBXBuildFile; fileRef = 544C22481E4A754C003B3914 /* Main.storyboard */; };
		544C224F1E4A754C003B3914 /* LaunchScreen.storyboard in Resources */ = {isa = PBXBuildFile; fileRef = 544C224D1E4A754C003B3914 /* LaunchScreen.storyboard */; };
		546556FB1E5E4F8800153996 /* AgendaCell.swift in Sources */ = {isa = PBXBuildFile; fileRef = 546556FA1E5E4F8800153996 /* AgendaCell.swift */; };
		546556FD1E5E509E00153996 /* Agenda.swift in Sources */ = {isa = PBXBuildFile; fileRef = 546556FC1E5E509E00153996 /* Agenda.swift */; };
		54A984A11E53C6EB00639B03 /* Assets.xcassets in Resources */ = {isa = PBXBuildFile; fileRef = 54A984A01E53C6EB00639B03 /* Assets.xcassets */; };
		54A984A31E54F46A00639B03 /* AtivAbertaCell.swift in Sources */ = {isa = PBXBuildFile; fileRef = 54A984A21E54F46A00639B03 /* AtivAbertaCell.swift */; };
		54A984A51E54F66E00639B03 /* TimelineVC.swift in Sources */ = {isa = PBXBuildFile; fileRef = 54A984A41E54F66E00639B03 /* TimelineVC.swift */; };
		54A984A71E54F7E100639B03 /* AtivAbertaTimeline.swift in Sources */ = {isa = PBXBuildFile; fileRef = 54A984A61E54F7E100639B03 /* AtivAbertaTimeline.swift */; };
		54AD2A491E4E80F300990611 /* EsqueciSenhaVC.swift in Sources */ = {isa = PBXBuildFile; fileRef = 54AD2A481E4E80F300990611 /* EsqueciSenhaVC.swift */; };
		54AD2A4D1E4E87AF00990611 /* CadastroVC.swift in Sources */ = {isa = PBXBuildFile; fileRef = 54AD2A4C1E4E87AF00990611 /* CadastroVC.swift */; };
		54ED45AF1E68F652007E2839 /* MaisCell.swift in Sources */ = {isa = PBXBuildFile; fileRef = 54ED45AE1E68F652007E2839 /* MaisCell.swift */; };
		54ED45CF1E692571007E2839 /* GrupoCell.swift in Sources */ = {isa = PBXBuildFile; fileRef = 54ED45CE1E692571007E2839 /* GrupoCell.swift */; };
		54ED45D11E6925E5007E2839 /* GruposVC.swift in Sources */ = {isa = PBXBuildFile; fileRef = 54ED45D01E6925E5007E2839 /* GruposVC.swift */; };
		54F3A55A1E5CF0E400400937 /* AgendaVC.swift in Sources */ = {isa = PBXBuildFile; fileRef = 54F3A5591E5CF0E400400937 /* AgendaVC.swift */; };
		54F3A55D1E5CF12100400937 /* FSCalendar.framework in Frameworks */ = {isa = PBXBuildFile; fileRef = 54F3A55C1E5CF12100400937 /* FSCalendar.framework */; };
		54FECB881E6C65830047D00F /* AlunosVC.swift in Sources */ = {isa = PBXBuildFile; fileRef = 54FECB871E6C65830047D00F /* AlunosVC.swift */; };
		54FECB8A1E6C65EF0047D00F /* AlunoCell.swift in Sources */ = {isa = PBXBuildFile; fileRef = 54FECB891E6C65EF0047D00F /* AlunoCell.swift */; };
		54FECB8C1E6C90860047D00F /* Aluno.swift in Sources */ = {isa = PBXBuildFile; fileRef = 54FECB8B1E6C90860047D00F /* Aluno.swift */; };
		54FECB901E6C9EC40047D00F /* MaisTVC.swift in Sources */ = {isa = PBXBuildFile; fileRef = 54FECB8F1E6C9EC40047D00F /* MaisTVC.swift */; };
		924F7C7C1E6E339D008A97E4 /* AtividadeVC.swift in Sources */ = {isa = PBXBuildFile; fileRef = 924F7C7B1E6E339D008A97E4 /* AtividadeVC.swift */; };
		92A217151E6EDD4E00581958 /* Atividade.swift in Sources */ = {isa = PBXBuildFile; fileRef = 92A217141E6EDD4E00581958 /* Atividade.swift */; };
		92A9D0BB1E71866400F826A0 /* CriarAtividadeVC.swift in Sources */ = {isa = PBXBuildFile; fileRef = 92A9D0BA1E71866400F826A0 /* CriarAtividadeVC.swift */; };
/* End PBXBuildFile section */

/* Begin PBXFileReference section */
		5439882D1E6E734E001A640C /* SemestresTVC.swift */ = {isa = PBXFileReference; fileEncoding = 4; lastKnownFileType = sourcecode.swift; path = SemestresTVC.swift; sourceTree = "<group>"; };
		5439882F1E6F5F43001A640C /* NotasVC.swift */ = {isa = PBXFileReference; fileEncoding = 4; lastKnownFileType = sourcecode.swift; path = NotasVC.swift; sourceTree = "<group>"; };
		543988331E6F7A77001A640C /* TarefaCell.swift */ = {isa = PBXFileReference; fileEncoding = 4; lastKnownFileType = sourcecode.swift; path = TarefaCell.swift; sourceTree = "<group>"; };
		543988351E6F7F84001A640C /* Tarefa.swift */ = {isa = PBXFileReference; fileEncoding = 4; lastKnownFileType = sourcecode.swift; path = Tarefa.swift; sourceTree = "<group>"; };
		543988591E70E206001A640C /* TarefasTVC.swift */ = {isa = PBXFileReference; fileEncoding = 4; lastKnownFileType = sourcecode.swift; path = TarefasTVC.swift; sourceTree = "<group>"; };
		5439885B1E720196001A640C /* TrabalhosTVC.swift */ = {isa = PBXFileReference; fileEncoding = 4; lastKnownFileType = sourcecode.swift; path = TrabalhosTVC.swift; sourceTree = "<group>"; };
		5439885D1E7201B6001A640C /* NotasExtrasTVC.swift */ = {isa = PBXFileReference; fileEncoding = 4; lastKnownFileType = sourcecode.swift; path = NotasExtrasTVC.swift; sourceTree = "<group>"; };
		5439885F1E7201EB001A640C /* ProvasTVC.swift */ = {isa = PBXFileReference; fileEncoding = 4; lastKnownFileType = sourcecode.swift; path = ProvasTVC.swift; sourceTree = "<group>"; };
		543988611E7204C6001A640C /* Trabalho.swift */ = {isa = PBXFileReference; fileEncoding = 4; lastKnownFileType = sourcecode.swift; path = Trabalho.swift; sourceTree = "<group>"; };
		543988631E7204CF001A640C /* Prova.swift */ = {isa = PBXFileReference; fileEncoding = 4; lastKnownFileType = sourcecode.swift; path = Prova.swift; sourceTree = "<group>"; };
		543988661E7204E3001A640C /* NotaExtra.swift */ = {isa = PBXFileReference; fileEncoding = 4; lastKnownFileType = sourcecode.swift; path = NotaExtra.swift; sourceTree = "<group>"; };
		543988681E7208ED001A640C /* TrabalhoCell.swift */ = {isa = PBXFileReference; fileEncoding = 4; lastKnownFileType = sourcecode.swift; path = TrabalhoCell.swift; sourceTree = "<group>"; };
		5439886A1E720985001A640C /* NotaExtraCell.swift */ = {isa = PBXFileReference; fileEncoding = 4; lastKnownFileType = sourcecode.swift; path = NotaExtraCell.swift; sourceTree = "<group>"; };
		5439886C1E720A08001A640C /* ProvaCell.swift */ = {isa = PBXFileReference; fileEncoding = 4; lastKnownFileType = sourcecode.swift; path = ProvaCell.swift; sourceTree = "<group>"; };
		544874F01E58CA5C00AF2F06 /* GrupoProfessor.swift */ = {isa = PBXFileReference; fileEncoding = 4; lastKnownFileType = sourcecode.swift; path = GrupoProfessor.swift; sourceTree = "<group>"; };
		544874FB1E58E5D400AF2F06 /* NotificacoesVC.swift */ = {isa = PBXFileReference; fileEncoding = 4; lastKnownFileType = sourcecode.swift; path = NotificacoesVC.swift; sourceTree = "<group>"; };
		544874FD1E58EDB100AF2F06 /* Notificacao.swift */ = {isa = PBXFileReference; fileEncoding = 4; lastKnownFileType = sourcecode.swift; path = Notificacao.swift; sourceTree = "<group>"; };
		544874FF1E58F22B00AF2F06 /* NotificacaoCell.swift */ = {isa = PBXFileReference; fileEncoding = 4; lastKnownFileType = sourcecode.swift; path = NotificacaoCell.swift; sourceTree = "<group>"; };
		544C22411E4A754C003B3914 /* toth-ios.app */ = {isa = PBXFileReference; explicitFileType = wrapper.application; includeInIndex = 0; path = "toth-ios.app"; sourceTree = BUILT_PRODUCTS_DIR; };
		544C22441E4A754C003B3914 /* AppDelegate.swift */ = {isa = PBXFileReference; lastKnownFileType = sourcecode.swift; path = AppDelegate.swift; sourceTree = "<group>"; };
		544C22461E4A754C003B3914 /* LoginVC.swift */ = {isa = PBXFileReference; lastKnownFileType = sourcecode.swift; path = LoginVC.swift; sourceTree = "<group>"; };
		544C22491E4A754C003B3914 /* Base */ = {isa = PBXFileReference; lastKnownFileType = file.storyboard; name = Base; path = Base.lproj/Main.storyboard; sourceTree = "<group>"; };
		544C224E1E4A754C003B3914 /* Base */ = {isa = PBXFileReference; lastKnownFileType = file.storyboard; name = Base; path = Base.lproj/LaunchScreen.storyboard; sourceTree = "<group>"; };
		544C22501E4A754C003B3914 /* Info.plist */ = {isa = PBXFileReference; lastKnownFileType = text.plist.xml; path = Info.plist; sourceTree = "<group>"; };
		546556FA1E5E4F8800153996 /* AgendaCell.swift */ = {isa = PBXFileReference; fileEncoding = 4; lastKnownFileType = sourcecode.swift; path = AgendaCell.swift; sourceTree = "<group>"; };
		546556FC1E5E509E00153996 /* Agenda.swift */ = {isa = PBXFileReference; fileEncoding = 4; lastKnownFileType = sourcecode.swift; path = Agenda.swift; sourceTree = "<group>"; };
		54795A411E5F991400DDE5D6 /* toth-ios-Bridging-Header.h */ = {isa = PBXFileReference; lastKnownFileType = sourcecode.c.h; path = "toth-ios-Bridging-Header.h"; sourceTree = SOURCE_ROOT; };
		54A984A01E53C6EB00639B03 /* Assets.xcassets */ = {isa = PBXFileReference; lastKnownFileType = folder.assetcatalog; name = Assets.xcassets; path = "toth-ios/Assets.xcassets"; sourceTree = "<group>"; };
		54A984A21E54F46A00639B03 /* AtivAbertaCell.swift */ = {isa = PBXFileReference; fileEncoding = 4; lastKnownFileType = sourcecode.swift; path = AtivAbertaCell.swift; sourceTree = "<group>"; };
		54A984A41E54F66E00639B03 /* TimelineVC.swift */ = {isa = PBXFileReference; fileEncoding = 4; lastKnownFileType = sourcecode.swift; path = TimelineVC.swift; sourceTree = "<group>"; };
		54A984A61E54F7E100639B03 /* AtivAbertaTimeline.swift */ = {isa = PBXFileReference; fileEncoding = 4; lastKnownFileType = sourcecode.swift; path = AtivAbertaTimeline.swift; sourceTree = "<group>"; };
		54AD2A481E4E80F300990611 /* EsqueciSenhaVC.swift */ = {isa = PBXFileReference; fileEncoding = 4; lastKnownFileType = sourcecode.swift; path = EsqueciSenhaVC.swift; sourceTree = "<group>"; };
		54AD2A4C1E4E87AF00990611 /* CadastroVC.swift */ = {isa = PBXFileReference; fileEncoding = 4; lastKnownFileType = sourcecode.swift; path = CadastroVC.swift; sourceTree = "<group>"; };
		54ED45AE1E68F652007E2839 /* MaisCell.swift */ = {isa = PBXFileReference; fileEncoding = 4; lastKnownFileType = sourcecode.swift; path = MaisCell.swift; sourceTree = "<group>"; };
		54ED45CE1E692571007E2839 /* GrupoCell.swift */ = {isa = PBXFileReference; fileEncoding = 4; lastKnownFileType = sourcecode.swift; path = GrupoCell.swift; sourceTree = "<group>"; };
		54ED45D01E6925E5007E2839 /* GruposVC.swift */ = {isa = PBXFileReference; fileEncoding = 4; lastKnownFileType = sourcecode.swift; path = GruposVC.swift; sourceTree = "<group>"; };
		54F3A5591E5CF0E400400937 /* AgendaVC.swift */ = {isa = PBXFileReference; fileEncoding = 4; lastKnownFileType = sourcecode.swift; path = AgendaVC.swift; sourceTree = "<group>"; };
		54F3A55C1E5CF12100400937 /* FSCalendar.framework */ = {isa = PBXFileReference; lastKnownFileType = wrapper.framework; name = FSCalendar.framework; path = Carthage/Build/iOS/FSCalendar.framework; sourceTree = SOURCE_ROOT; };
		54FECB871E6C65830047D00F /* AlunosVC.swift */ = {isa = PBXFileReference; fileEncoding = 4; lastKnownFileType = sourcecode.swift; path = AlunosVC.swift; sourceTree = "<group>"; };
		54FECB891E6C65EF0047D00F /* AlunoCell.swift */ = {isa = PBXFileReference; fileEncoding = 4; lastKnownFileType = sourcecode.swift; path = AlunoCell.swift; sourceTree = "<group>"; };
		54FECB8B1E6C90860047D00F /* Aluno.swift */ = {isa = PBXFileReference; fileEncoding = 4; lastKnownFileType = sourcecode.swift; path = Aluno.swift; sourceTree = "<group>"; };
		54FECB8F1E6C9EC40047D00F /* MaisTVC.swift */ = {isa = PBXFileReference; fileEncoding = 4; lastKnownFileType = sourcecode.swift; path = MaisTVC.swift; sourceTree = "<group>"; };
		924F7C7B1E6E339D008A97E4 /* AtividadeVC.swift */ = {isa = PBXFileReference; fileEncoding = 4; lastKnownFileType = sourcecode.swift; path = AtividadeVC.swift; sourceTree = "<group>"; };
		92A217141E6EDD4E00581958 /* Atividade.swift */ = {isa = PBXFileReference; fileEncoding = 4; lastKnownFileType = sourcecode.swift; path = Atividade.swift; sourceTree = "<group>"; };
		92A9D0BA1E71866400F826A0 /* CriarAtividadeVC.swift */ = {isa = PBXFileReference; fileEncoding = 4; lastKnownFileType = sourcecode.swift; path = CriarAtividadeVC.swift; sourceTree = "<group>"; };
/* End PBXFileReference section */

/* Begin PBXFrameworksBuildPhase section */
		544C223E1E4A754C003B3914 /* Frameworks */ = {
			isa = PBXFrameworksBuildPhase;
			buildActionMask = 2147483647;
			files = (
				54F3A55D1E5CF12100400937 /* FSCalendar.framework in Frameworks */,
			);
			runOnlyForDeploymentPostprocessing = 0;
		};
/* End PBXFrameworksBuildPhase section */

/* Begin PBXGroup section */
		544C22381E4A754C003B3914 = {
			isa = PBXGroup;
			children = (
				54A984A01E53C6EB00639B03 /* Assets.xcassets */,
				544C22431E4A754C003B3914 /* toth-ios */,
				544C22421E4A754C003B3914 /* Products */,
			);
			sourceTree = "<group>";
		};
		544C22421E4A754C003B3914 /* Products */ = {
			isa = PBXGroup;
			children = (
				544C22411E4A754C003B3914 /* toth-ios.app */,
			);
			name = Products;
			sourceTree = "<group>";
		};
		544C22431E4A754C003B3914 /* toth-ios */ = {
			isa = PBXGroup;
			children = (
				54795A411E5F991400DDE5D6 /* toth-ios-Bridging-Header.h */,
				54F3A55B1E5CF10C00400937 /* Frameworks */,
				544C22581E4A7714003B3914 /* Model */,
				544C22571E4A770A003B3914 /* Controller */,
				544C22561E4A76FB003B3914 /* View */,
				544C22441E4A754C003B3914 /* AppDelegate.swift */,
				544C224D1E4A754C003B3914 /* LaunchScreen.storyboard */,
				544C22481E4A754C003B3914 /* Main.storyboard */,
				544C22501E4A754C003B3914 /* Info.plist */,
			);
			path = "toth-ios";
			sourceTree = "<group>";
		};
		544C22561E4A76FB003B3914 /* View */ = {
			isa = PBXGroup;
			children = (
				54A984A21E54F46A00639B03 /* AtivAbertaCell.swift */,
				544874FF1E58F22B00AF2F06 /* NotificacaoCell.swift */,
				546556FA1E5E4F8800153996 /* AgendaCell.swift */,
				54ED45AE1E68F652007E2839 /* MaisCell.swift */,
				54ED45CE1E692571007E2839 /* GrupoCell.swift */,
				54FECB891E6C65EF0047D00F /* AlunoCell.swift */,
				543988331E6F7A77001A640C /* TarefaCell.swift */,
				543988681E7208ED001A640C /* TrabalhoCell.swift */,
				5439886A1E720985001A640C /* NotaExtraCell.swift */,
				5439886C1E720A08001A640C /* ProvaCell.swift */,
			);
			name = View;
			sourceTree = "<group>";
		};
		544C22571E4A770A003B3914 /* Controller */ = {
			isa = PBXGroup;
			children = (
				544C22461E4A754C003B3914 /* LoginVC.swift */,
				54AD2A481E4E80F300990611 /* EsqueciSenhaVC.swift */,
				54AD2A4C1E4E87AF00990611 /* CadastroVC.swift */,
				54A984A41E54F66E00639B03 /* TimelineVC.swift */,
				544874FB1E58E5D400AF2F06 /* NotificacoesVC.swift */,
				54F3A5591E5CF0E400400937 /* AgendaVC.swift */,
				54ED45D01E6925E5007E2839 /* GruposVC.swift */,
				54FECB871E6C65830047D00F /* AlunosVC.swift */,
				54FECB8F1E6C9EC40047D00F /* MaisTVC.swift */,
				924F7C7B1E6E339D008A97E4 /* AtividadeVC.swift */,
				92A9D0BA1E71866400F826A0 /* CriarAtividadeVC.swift */,
				5439882D1E6E734E001A640C /* SemestresTVC.swift */,
				5439882F1E6F5F43001A640C /* NotasVC.swift */,
				543988591E70E206001A640C /* TarefasTVC.swift */,
				5439885B1E720196001A640C /* TrabalhosTVC.swift */,
				5439885D1E7201B6001A640C /* NotasExtrasTVC.swift */,
				5439885F1E7201EB001A640C /* ProvasTVC.swift */,
			);
			name = Controller;
			sourceTree = "<group>";
		};
		544C22581E4A7714003B3914 /* Model */ = {
			isa = PBXGroup;
			children = (
				54A984A61E54F7E100639B03 /* AtivAbertaTimeline.swift */,
				544874F01E58CA5C00AF2F06 /* GrupoProfessor.swift */,
				544874FD1E58EDB100AF2F06 /* Notificacao.swift */,
				546556FC1E5E509E00153996 /* Agenda.swift */,
				54FECB8B1E6C90860047D00F /* Aluno.swift */,
				543988351E6F7F84001A640C /* Tarefa.swift */,
				543988611E7204C6001A640C /* Trabalho.swift */,
				543988631E7204CF001A640C /* Prova.swift */,
				543988661E7204E3001A640C /* NotaExtra.swift */,
			);
			name = Model;
			sourceTree = "<group>";
		};
		54F3A55B1E5CF10C00400937 /* Frameworks */ = {
			isa = PBXGroup;
			children = (
				54F3A55C1E5CF12100400937 /* FSCalendar.framework */,
			);
			name = Frameworks;
			sourceTree = "<group>";
		};
/* End PBXGroup section */

/* Begin PBXNativeTarget section */
		544C22401E4A754C003B3914 /* toth-ios */ = {
			isa = PBXNativeTarget;
			buildConfigurationList = 544C22531E4A754C003B3914 /* Build configuration list for PBXNativeTarget "toth-ios" */;
			buildPhases = (
				544C223D1E4A754C003B3914 /* Sources */,
				544C223E1E4A754C003B3914 /* Frameworks */,
				544C223F1E4A754C003B3914 /* Resources */,
				54F3A5581E5CEC2F00400937 /* Carthage */,
			);
			buildRules = (
			);
			dependencies = (
			);
			name = "toth-ios";
			productName = "toth-ios";
			productReference = 544C22411E4A754C003B3914 /* toth-ios.app */;
			productType = "com.apple.product-type.application";
		};
/* End PBXNativeTarget section */

/* Begin PBXProject section */
		544C22391E4A754C003B3914 /* Project object */ = {
			isa = PBXProject;
			attributes = {
				LastSwiftUpdateCheck = 0820;
				LastUpgradeCheck = 0820;
				ORGANIZATIONNAME = "Andre Rosa";
				TargetAttributes = {
					544C22401E4A754C003B3914 = {
						CreatedOnToolsVersion = 8.2.1;
						ProvisioningStyle = Automatic;
					};
				};
			};
			buildConfigurationList = 544C223C1E4A754C003B3914 /* Build configuration list for PBXProject "toth-ios" */;
			compatibilityVersion = "Xcode 3.2";
			developmentRegion = English;
			hasScannedForEncodings = 0;
			knownRegions = (
				en,
				Base,
			);
			mainGroup = 544C22381E4A754C003B3914;
			productRefGroup = 544C22421E4A754C003B3914 /* Products */;
			projectDirPath = "";
			projectRoot = "";
			targets = (
				544C22401E4A754C003B3914 /* toth-ios */,
			);
		};
/* End PBXProject section */

/* Begin PBXResourcesBuildPhase section */
		544C223F1E4A754C003B3914 /* Resources */ = {
			isa = PBXResourcesBuildPhase;
			buildActionMask = 2147483647;
			files = (
				544C224F1E4A754C003B3914 /* LaunchScreen.storyboard in Resources */,
				54A984A11E53C6EB00639B03 /* Assets.xcassets in Resources */,
				544C224A1E4A754C003B3914 /* Main.storyboard in Resources */,
			);
			runOnlyForDeploymentPostprocessing = 0;
		};
/* End PBXResourcesBuildPhase section */

/* Begin PBXShellScriptBuildPhase section */
		54F3A5581E5CEC2F00400937 /* Carthage */ = {
			isa = PBXShellScriptBuildPhase;
			buildActionMask = 2147483647;
			files = (
			);
			inputPaths = (
				"$(SRCROOT)/Carthage/Build/iOS/FSCalendar.framework",
			);
			name = Carthage;
			outputPaths = (
			);
			runOnlyForDeploymentPostprocessing = 0;
			shellPath = /bin/sh;
			shellScript = "/usr/local/bin/carthage copy-frameworks";
		};
/* End PBXShellScriptBuildPhase section */

/* Begin PBXSourcesBuildPhase section */
		544C223D1E4A754C003B3914 /* Sources */ = {
			isa = PBXSourcesBuildPhase;
			buildActionMask = 2147483647;
			files = (
				543988671E7204E3001A640C /* NotaExtra.swift in Sources */,
				546556FB1E5E4F8800153996 /* AgendaCell.swift in Sources */,
				5439886D1E720A08001A640C /* ProvaCell.swift in Sources */,
				543988341E6F7A77001A640C /* TarefaCell.swift in Sources */,
				5439882E1E6E734E001A640C /* SemestresTVC.swift in Sources */,
				54FECB901E6C9EC40047D00F /* MaisTVC.swift in Sources */,
				543988601E7201EB001A640C /* ProvasTVC.swift in Sources */,
				54ED45CF1E692571007E2839 /* GrupoCell.swift in Sources */,
				544874FE1E58EDB100AF2F06 /* Notificacao.swift in Sources */,
				5439885A1E70E206001A640C /* TarefasTVC.swift in Sources */,
				54AD2A491E4E80F300990611 /* EsqueciSenhaVC.swift in Sources */,
				5439885E1E7201B6001A640C /* NotasExtrasTVC.swift in Sources */,
				54AD2A4D1E4E87AF00990611 /* CadastroVC.swift in Sources */,
				54A984A71E54F7E100639B03 /* AtivAbertaTimeline.swift in Sources */,
				544C22471E4A754C003B3914 /* LoginVC.swift in Sources */,
				543988301E6F5F43001A640C /* NotasVC.swift in Sources */,
				543988621E7204C6001A640C /* Trabalho.swift in Sources */,
				543988641E7204CF001A640C /* Prova.swift in Sources */,
				54F3A55A1E5CF0E400400937 /* AgendaVC.swift in Sources */,
				546556FD1E5E509E00153996 /* Agenda.swift in Sources */,
				54FECB881E6C65830047D00F /* AlunosVC.swift in Sources */,
				54A984A31E54F46A00639B03 /* AtivAbertaCell.swift in Sources */,
				54ED45AF1E68F652007E2839 /* MaisCell.swift in Sources */,
				544C22451E4A754C003B3914 /* AppDelegate.swift in Sources */,
				54A984A51E54F66E00639B03 /* TimelineVC.swift in Sources */,
				544875001E58F22B00AF2F06 /* NotificacaoCell.swift in Sources */,
				54FECB8C1E6C90860047D00F /* Aluno.swift in Sources */,
				543988691E7208ED001A640C /* TrabalhoCell.swift in Sources */,
				5439885C1E720196001A640C /* TrabalhosTVC.swift in Sources */,
				5439886B1E720985001A640C /* NotaExtraCell.swift in Sources */,
				544874F11E58CA5C00AF2F06 /* GrupoProfessor.swift in Sources */,
				54FECB8A1E6C65EF0047D00F /* AlunoCell.swift in Sources */,
				54ED45D11E6925E5007E2839 /* GruposVC.swift in Sources */,
				543988361E6F7F84001A640C /* Tarefa.swift in Sources */,
				544874FC1E58E5D400AF2F06 /* NotificacoesVC.swift in Sources */,
			);
			runOnlyForDeploymentPostprocessing = 0;
		};
/* End PBXSourcesBuildPhase section */

/* Begin PBXVariantGroup section */
		544C22481E4A754C003B3914 /* Main.storyboard */ = {
			isa = PBXVariantGroup;
			children = (
				544C22491E4A754C003B3914 /* Base */,
			);
			name = Main.storyboard;
			sourceTree = "<group>";
		};
		544C224D1E4A754C003B3914 /* LaunchScreen.storyboard */ = {
			isa = PBXVariantGroup;
			children = (
				544C224E1E4A754C003B3914 /* Base */,
			);
			name = LaunchScreen.storyboard;
			sourceTree = "<group>";
		};
/* End PBXVariantGroup section */

/* Begin XCBuildConfiguration section */
		544C22511E4A754C003B3914 /* Debug */ = {
			isa = XCBuildConfiguration;
			buildSettings = {
				ALWAYS_SEARCH_USER_PATHS = NO;
				CLANG_ANALYZER_NONNULL = YES;
				CLANG_CXX_LANGUAGE_STANDARD = "gnu++0x";
				CLANG_CXX_LIBRARY = "libc++";
				CLANG_ENABLE_MODULES = YES;
				CLANG_ENABLE_OBJC_ARC = YES;
				CLANG_WARN_BOOL_CONVERSION = YES;
				CLANG_WARN_CONSTANT_CONVERSION = YES;
				CLANG_WARN_DIRECT_OBJC_ISA_USAGE = YES_ERROR;
				CLANG_WARN_DOCUMENTATION_COMMENTS = YES;
				CLANG_WARN_EMPTY_BODY = YES;
				CLANG_WARN_ENUM_CONVERSION = YES;
				CLANG_WARN_INFINITE_RECURSION = YES;
				CLANG_WARN_INT_CONVERSION = YES;
				CLANG_WARN_OBJC_ROOT_CLASS = YES_ERROR;
				CLANG_WARN_SUSPICIOUS_MOVE = YES;
				CLANG_WARN_UNREACHABLE_CODE = YES;
				CLANG_WARN__DUPLICATE_METHOD_MATCH = YES;
				"CODE_SIGN_IDENTITY[sdk=iphoneos*]" = "iPhone Developer";
				COPY_PHASE_STRIP = NO;
				DEBUG_INFORMATION_FORMAT = dwarf;
				ENABLE_STRICT_OBJC_MSGSEND = YES;
				ENABLE_TESTABILITY = YES;
				GCC_C_LANGUAGE_STANDARD = gnu99;
				GCC_DYNAMIC_NO_PIC = NO;
				GCC_NO_COMMON_BLOCKS = YES;
				GCC_OPTIMIZATION_LEVEL = 0;
				GCC_PREPROCESSOR_DEFINITIONS = (
					"DEBUG=1",
					"$(inherited)",
				);
				GCC_WARN_64_TO_32_BIT_CONVERSION = YES;
				GCC_WARN_ABOUT_RETURN_TYPE = YES_ERROR;
				GCC_WARN_UNDECLARED_SELECTOR = YES;
				GCC_WARN_UNINITIALIZED_AUTOS = YES_AGGRESSIVE;
				GCC_WARN_UNUSED_FUNCTION = YES;
				GCC_WARN_UNUSED_VARIABLE = YES;
				IPHONEOS_DEPLOYMENT_TARGET = 10.2;
				MTL_ENABLE_DEBUG_INFO = YES;
				ONLY_ACTIVE_ARCH = YES;
				SDKROOT = iphoneos;
				SWIFT_ACTIVE_COMPILATION_CONDITIONS = DEBUG;
				SWIFT_OPTIMIZATION_LEVEL = "-Onone";
				TARGETED_DEVICE_FAMILY = "1,2";
			};
			name = Debug;
		};
		544C22521E4A754C003B3914 /* Release */ = {
			isa = XCBuildConfiguration;
			buildSettings = {
				ALWAYS_SEARCH_USER_PATHS = NO;
				CLANG_ANALYZER_NONNULL = YES;
				CLANG_CXX_LANGUAGE_STANDARD = "gnu++0x";
				CLANG_CXX_LIBRARY = "libc++";
				CLANG_ENABLE_MODULES = YES;
				CLANG_ENABLE_OBJC_ARC = YES;
				CLANG_WARN_BOOL_CONVERSION = YES;
				CLANG_WARN_CONSTANT_CONVERSION = YES;
				CLANG_WARN_DIRECT_OBJC_ISA_USAGE = YES_ERROR;
				CLANG_WARN_DOCUMENTATION_COMMENTS = YES;
				CLANG_WARN_EMPTY_BODY = YES;
				CLANG_WARN_ENUM_CONVERSION = YES;
				CLANG_WARN_INFINITE_RECURSION = YES;
				CLANG_WARN_INT_CONVERSION = YES;
				CLANG_WARN_OBJC_ROOT_CLASS = YES_ERROR;
				CLANG_WARN_SUSPICIOUS_MOVE = YES;
				CLANG_WARN_UNREACHABLE_CODE = YES;
				CLANG_WARN__DUPLICATE_METHOD_MATCH = YES;
				"CODE_SIGN_IDENTITY[sdk=iphoneos*]" = "iPhone Developer";
				COPY_PHASE_STRIP = NO;
				DEBUG_INFORMATION_FORMAT = "dwarf-with-dsym";
				ENABLE_NS_ASSERTIONS = NO;
				ENABLE_STRICT_OBJC_MSGSEND = YES;
				GCC_C_LANGUAGE_STANDARD = gnu99;
				GCC_NO_COMMON_BLOCKS = YES;
				GCC_WARN_64_TO_32_BIT_CONVERSION = YES;
				GCC_WARN_ABOUT_RETURN_TYPE = YES_ERROR;
				GCC_WARN_UNDECLARED_SELECTOR = YES;
				GCC_WARN_UNINITIALIZED_AUTOS = YES_AGGRESSIVE;
				GCC_WARN_UNUSED_FUNCTION = YES;
				GCC_WARN_UNUSED_VARIABLE = YES;
				IPHONEOS_DEPLOYMENT_TARGET = 10.2;
				MTL_ENABLE_DEBUG_INFO = NO;
				SDKROOT = iphoneos;
				SWIFT_OPTIMIZATION_LEVEL = "-Owholemodule";
				TARGETED_DEVICE_FAMILY = "1,2";
				VALIDATE_PRODUCT = YES;
			};
			name = Release;
		};
		544C22541E4A754C003B3914 /* Debug */ = {
			isa = XCBuildConfiguration;
			buildSettings = {
				ASSETCATALOG_COMPILER_APPICON_NAME = AppIcon;
				DEVELOPMENT_TEAM = "";
				FRAMEWORK_SEARCH_PATHS = (
					"$(inherited)",
					"$(PROJECT_DIR)/Carthage/Build/iOS",
				);
				INFOPLIST_FILE = "toth-ios/Info.plist";
				LD_RUNPATH_SEARCH_PATHS = "$(inherited) @executable_path/Frameworks";
				PRODUCT_BUNDLE_IDENTIFIER = "com.andre.toth-ios";
				PRODUCT_NAME = "$(TARGET_NAME)";
				SWIFT_OBJC_BRIDGING_HEADER = "toth-ios-Bridging-Header.h";
				SWIFT_VERSION = 3.0;
			};
			name = Debug;
		};
		544C22551E4A754C003B3914 /* Release */ = {
			isa = XCBuildConfiguration;
			buildSettings = {
				ASSETCATALOG_COMPILER_APPICON_NAME = AppIcon;
				DEVELOPMENT_TEAM = "";
				FRAMEWORK_SEARCH_PATHS = (
					"$(inherited)",
					"$(PROJECT_DIR)/Carthage/Build/iOS",
				);
				INFOPLIST_FILE = "toth-ios/Info.plist";
				LD_RUNPATH_SEARCH_PATHS = "$(inherited) @executable_path/Frameworks";
				PRODUCT_BUNDLE_IDENTIFIER = "com.andre.toth-ios";
				PRODUCT_NAME = "$(TARGET_NAME)";
				SWIFT_OBJC_BRIDGING_HEADER = "toth-ios-Bridging-Header.h";
				SWIFT_VERSION = 3.0;
			};
			name = Release;
		};
/* End XCBuildConfiguration section */

/* Begin XCConfigurationList section */
		544C223C1E4A754C003B3914 /* Build configuration list for PBXProject "toth-ios" */ = {
			isa = XCConfigurationList;
			buildConfigurations = (
				544C22511E4A754C003B3914 /* Debug */,
				544C22521E4A754C003B3914 /* Release */,
			);
			defaultConfigurationIsVisible = 0;
			defaultConfigurationName = Release;
		};
		544C22531E4A754C003B3914 /* Build configuration list for PBXNativeTarget "toth-ios" */ = {
			isa = XCConfigurationList;
			buildConfigurations = (
				544C22541E4A754C003B3914 /* Debug */,
				544C22551E4A754C003B3914 /* Release */,
			);
			defaultConfigurationIsVisible = 0;
			defaultConfigurationName = Release;
		};
/* End XCConfigurationList section */
	};
	rootObject = 544C22391E4A754C003B3914 /* Project object */;
}
